
Microsoft Visual Studio Solution File, Format Version 12.00
# Visual Studio Version 16
VisualStudioVersion = 16.0.30404.54
MinimumVisualStudioVersion = 10.0.40219.1
Project("{FAE04EC0-301F-11D3-BF4B-00C04F79EFBC}") = "test", "test.csproj", "{72A3ABF0-22D2-485F-9B52-0FA559C6E9A9}"
EndProject
Global
	GlobalSection(SolutionConfigurationPlatforms) = preSolution
		Debug|Any CPU = Debug|Any CPU
		Release|Any CPU = Release|Any CPU
	EndGlobalSection
	GlobalSection(ProjectConfigurationPlatforms) = postSolution
		{72A3ABF0-22D2-485F-9B52-0FA559C6E9A9}.Debug|Any CPU.ActiveCfg = Debug|Any CPU
		{72A3ABF0-22D2-485F-9B52-0FA559C6E9A9}.Debug|Any CPU.Build.0 = Debug|Any CPU
		{72A3ABF0-22D2-485F-9B52-0FA559C6E9A9}.Release|Any CPU.ActiveCfg = Release|Any CPU
		{72A3ABF0-22D2-485F-9B52-0FA559C6E9A9}.Release|Any CPU.Build.0 = Release|Any CPU
	EndGlobalSection
	GlobalSection(SolutionProperties) = preSolution
		HideSolutionNode = FALSE
	EndGlobalSection
	GlobalSection(ExtensibilityGlobals) = postSolution
		SolutionGuid = {B9A4928E-3B27-473F-832F-415E915D76B8}
	EndGlobalSection
EndGlobal
